{
  "pins" : [
    {
      "identity" : "c",
      "kind" : "remoteSourceControl",
      "location" : "https://github.com/0xOpenBytes/c",
      "state" : {
        "revision" : "c3560cbb17338ba6d2ff74b5ffd1a7b5db8d5ddd",
        "version" : "0.2.0"
      }
    },
    {
      "identity" : "flet",
      "kind" : "remoteSourceControl",
      "location" : "https://github.com/0xOpenBytes/FLet",
      "state" : {
        "revision" : "456c08ffa20f3bcf4dff960d00d5ce4dba7a9a19",
        "version" : "1.0.0"
      }
    },
    {
      "identity" : "o",
      "kind" : "remoteSourceControl",
      "location" : "https://github.com/0xOpenBytes/o",
      "state" : {
        "revision" : "760c971650413d30c2edba6090fd92ce0720b8a0",
        "version" : "0.2.0"
      }
    },
    {
      "identity" : "screendata-swift",
      "kind" : "remoteSourceControl",
      "location" : "https://github.com/ServerDriven/ScreenData-swift",
      "state" : {
        "revision" : "20e1b73ec66076494135b041a29d43ca0870fd45",
        "version" : "0.4.2"
      }
    },
    {
      "identity" : "sdmarkdown",
      "kind" : "remoteSourceControl",
      "location" : "git@github.com:0xOpenBytes/SDMarkdown.git",
      "state" : {
        "branch" : "main",
        "revision" : "58294a1d94e227363aafa7ae56300bde7d53dedb"
      }
    },
    {
      "identity" : "swift-argument-parser",
      "kind" : "remoteSourceControl",
      "location" : "https://github.com/apple/swift-argument-parser",
      "state" : {
        "revision" : "82905286cc3f0fa8adc4674bf49437cab65a8373",
        "version" : "1.1.1"
      }
    },
    {
      "identity" : "t",
      "kind" : "remoteSourceControl",
      "location" : "https://github.com/0xOpenBytes/t",
      "state" : {
        "revision" : "78294df737c524f40267bca42beb8e10ca28aa41",
        "version" : "0.2.0"
      }
    }
  ],
  "version" : 2
}
